// !$*UTF8*$!
{
	archiveVersion = 1;
	classes = {
	};
	objectVersion = 56;
	objects = {

/* Begin PBXBuildFile section */
		08385172313BB4C65F23575B /* Pods_TestTask.framework in Frameworks */ = {isa = PBXBuildFile; fileRef = C4D0AD9F816FA3A5A57AF011 /* Pods_TestTask.framework */; };
		A51EC1252B036650006BF5FD /* CityCell.swift in Sources */ = {isa = PBXBuildFile; fileRef = A51EC1242B036650006BF5FD /* CityCell.swift */; };
		A51EC1272B03761E006BF5FD /* TableViewController.swift in Sources */ = {isa = PBXBuildFile; fileRef = A51EC1262B03761E006BF5FD /* TableViewController.swift */; };
		A51EC12B2B038E86006BF5FD /* Cities.swift in Sources */ = {isa = PBXBuildFile; fileRef = A51EC12A2B038E86006BF5FD /* Cities.swift */; };
		A51EC12D2B038EBD006BF5FD /* Parser.swift in Sources */ = {isa = PBXBuildFile; fileRef = A51EC12C2B038EBD006BF5FD /* Parser.swift */; };
		A53DBE662B137781000CD487 /* CryptoWidgetView.swift in Sources */ = {isa = PBXBuildFile; fileRef = A53DBE652B137781000CD487 /* CryptoWidgetView.swift */; };
		A53DBE682B137938000CD487 /* UIStackCoinsView.swift in Sources */ = {isa = PBXBuildFile; fileRef = A53DBE672B137938000CD487 /* UIStackCoinsView.swift */; };
		A53DBE6A2B137B00000CD487 /* UICoinCardView.swift in Sources */ = {isa = PBXBuildFile; fileRef = A53DBE692B137B00000CD487 /* UICoinCardView.swift */; };
		A53DBE6C2B138307000CD487 /* CryptoDataProvider.swift in Sources */ = {isa = PBXBuildFile; fileRef = A53DBE6B2B138307000CD487 /* CryptoDataProvider.swift */; };
		A53DBE6E2B13928A000CD487 /* ColorExtension.swift in Sources */ = {isa = PBXBuildFile; fileRef = A53DBE6D2B13928A000CD487 /* ColorExtension.swift */; };
		A547B94B2B0549B6007D9A69 /* Weather.swift in Sources */ = {isa = PBXBuildFile; fileRef = A547B94A2B0549B6007D9A69 /* Weather.swift */; };
		A547B94D2B054ECA007D9A69 /* MyWeatherAPI.swift in Sources */ = {isa = PBXBuildFile; fileRef = A547B94C2B054ECA007D9A69 /* MyWeatherAPI.swift */; };
		A55A5AB52B0CC51500FF565E /* cities.json in Resources */ = {isa = PBXBuildFile; fileRef = A55A5AB42B0CC51500FF565E /* cities.json */; };
		A55A5AB72B0CC76A00FF565E /* Defaults.swift in Sources */ = {isa = PBXBuildFile; fileRef = A55A5AB62B0CC76A00FF565E /* Defaults.swift */; };
		A55FD99D2B0F731C00D49702 /* TableViewControllerData.swift in Sources */ = {isa = PBXBuildFile; fileRef = A55FD99C2B0F731C00D49702 /* TableViewControllerData.swift */; };
		A56C5C9C2B0FA0D800F15695 /* CoinCell.swift in Sources */ = {isa = PBXBuildFile; fileRef = A56C5C9B2B0FA0D800F15695 /* CoinCell.swift */; };
		A57358532B08E58F00978470 /* Crypto.swift in Sources */ = {isa = PBXBuildFile; fileRef = A57358522B08E58F00978470 /* Crypto.swift */; };
		A57358572B08ED3000978470 /* MyCryptoAPI.swift in Sources */ = {isa = PBXBuildFile; fileRef = A57358562B08ED3000978470 /* MyCryptoAPI.swift */; };
		A584AC1D2B0B4BF700B6C90C /* WidgetCrypto.swift in Sources */ = {isa = PBXBuildFile; fileRef = A584AC1C2B0B4BF700B6C90C /* WidgetCrypto.swift */; };
		A5893A0A2B024DCE00493D43 /* AppDelegate.swift in Sources */ = {isa = PBXBuildFile; fileRef = A5893A092B024DCE00493D43 /* AppDelegate.swift */; };
		A5893A0C2B024DCE00493D43 /* SceneDelegate.swift in Sources */ = {isa = PBXBuildFile; fileRef = A5893A0B2B024DCE00493D43 /* SceneDelegate.swift */; };
		A5893A0E2B024DCE00493D43 /* ViewController.swift in Sources */ = {isa = PBXBuildFile; fileRef = A5893A0D2B024DCE00493D43 /* ViewController.swift */; };
		A5893A132B024DD000493D43 /* Assets.xcassets in Resources */ = {isa = PBXBuildFile; fileRef = A5893A122B024DD000493D43 /* Assets.xcassets */; };
		A5893A162B024DD000493D43 /* LaunchScreen.storyboard in Resources */ = {isa = PBXBuildFile; fileRef = A5893A142B024DD000493D43 /* LaunchScreen.storyboard */; };
		A5D1CEBD2B10A39C003AAB02 /* BaseWidgetView.swift in Sources */ = {isa = PBXBuildFile; fileRef = A5D1CEBC2B10A39C003AAB02 /* BaseWidgetView.swift */; };
		A5D1CEBF2B10B0B7003AAB02 /* MapWidgetView.swift in Sources */ = {isa = PBXBuildFile; fileRef = A5D1CEBE2B10B0B7003AAB02 /* MapWidgetView.swift */; };
		A5D1CEC32B10C187003AAB02 /* MapDataProvider.swift in Sources */ = {isa = PBXBuildFile; fileRef = A5D1CEC22B10C186003AAB02 /* MapDataProvider.swift */; };
		A5D1CEC52B10FA43003AAB02 /* MainStackView.swift in Sources */ = {isa = PBXBuildFile; fileRef = A5D1CEC42B10FA42003AAB02 /* MainStackView.swift */; };
		A5D1CECB2B11021D003AAB02 /* ViewControllerExtension.swift in Sources */ = {isa = PBXBuildFile; fileRef = A5D1CECA2B11021D003AAB02 /* ViewControllerExtension.swift */; };
		A5DE10042B11FF200092468E /* WeatherWidgetView.swift in Sources */ = {isa = PBXBuildFile; fileRef = A5DE10032B11FF200092468E /* WeatherWidgetView.swift */; };
		A5DE10062B1206320092468E /* DoubleExtension.swift in Sources */ = {isa = PBXBuildFile; fileRef = A5DE10052B1206320092468E /* DoubleExtension.swift */; };
		A5DE10082B12141A0092468E /* WeatherDataProvider.swift in Sources */ = {isa = PBXBuildFile; fileRef = A5DE10072B12141A0092468E /* WeatherDataProvider.swift */; };
/* End PBXBuildFile section */

/* Begin PBXFileReference section */
		3C1DE0CEDA9D5FCF67E08D94 /* Pods-TestTask.debug.xcconfig */ = {isa = PBXFileReference; includeInIndex = 1; lastKnownFileType = text.xcconfig; name = "Pods-TestTask.debug.xcconfig"; path = "Target Support Files/Pods-TestTask/Pods-TestTask.debug.xcconfig"; sourceTree = "<group>"; };
		742055B3431F8A687FFB990F /* Pods-TestTask.release.xcconfig */ = {isa = PBXFileReference; includeInIndex = 1; lastKnownFileType = text.xcconfig; name = "Pods-TestTask.release.xcconfig"; path = "Target Support Files/Pods-TestTask/Pods-TestTask.release.xcconfig"; sourceTree = "<group>"; };
		A51EC1242B036650006BF5FD /* CityCell.swift */ = {isa = PBXFileReference; lastKnownFileType = sourcecode.swift; path = CityCell.swift; sourceTree = "<group>"; };
		A51EC1262B03761E006BF5FD /* TableViewController.swift */ = {isa = PBXFileReference; lastKnownFileType = sourcecode.swift; path = TableViewController.swift; sourceTree = "<group>"; };
		A51EC12A2B038E86006BF5FD /* Cities.swift */ = {isa = PBXFileReference; lastKnownFileType = sourcecode.swift; path = Cities.swift; sourceTree = "<group>"; };
		A51EC12C2B038EBD006BF5FD /* Parser.swift */ = {isa = PBXFileReference; lastKnownFileType = sourcecode.swift; path = Parser.swift; sourceTree = "<group>"; };
		A53DBE652B137781000CD487 /* CryptoWidgetView.swift */ = {isa = PBXFileReference; lastKnownFileType = sourcecode.swift; path = CryptoWidgetView.swift; sourceTree = "<group>"; };
		A53DBE672B137938000CD487 /* UIStackCoinsView.swift */ = {isa = PBXFileReference; lastKnownFileType = sourcecode.swift; path = UIStackCoinsView.swift; sourceTree = "<group>"; };
		A53DBE692B137B00000CD487 /* UICoinCardView.swift */ = {isa = PBXFileReference; lastKnownFileType = sourcecode.swift; path = UICoinCardView.swift; sourceTree = "<group>"; };
		A53DBE6B2B138307000CD487 /* CryptoDataProvider.swift */ = {isa = PBXFileReference; lastKnownFileType = sourcecode.swift; path = CryptoDataProvider.swift; sourceTree = "<group>"; };
		A53DBE6D2B13928A000CD487 /* ColorExtension.swift */ = {isa = PBXFileReference; lastKnownFileType = sourcecode.swift; path = ColorExtension.swift; sourceTree = "<group>"; };
		A547B94A2B0549B6007D9A69 /* Weather.swift */ = {isa = PBXFileReference; lastKnownFileType = sourcecode.swift; path = Weather.swift; sourceTree = "<group>"; };
		A547B94C2B054ECA007D9A69 /* MyWeatherAPI.swift */ = {isa = PBXFileReference; lastKnownFileType = sourcecode.swift; path = MyWeatherAPI.swift; sourceTree = "<group>"; };
		A55A5AB42B0CC51500FF565E /* cities.json */ = {isa = PBXFileReference; fileEncoding = 4; lastKnownFileType = text.json; path = cities.json; sourceTree = "<group>"; };
		A55A5AB62B0CC76A00FF565E /* Defaults.swift */ = {isa = PBXFileReference; lastKnownFileType = sourcecode.swift; path = Defaults.swift; sourceTree = "<group>"; };
		A55FD99C2B0F731C00D49702 /* TableViewControllerData.swift */ = {isa = PBXFileReference; lastKnownFileType = sourcecode.swift; path = TableViewControllerData.swift; sourceTree = "<group>"; };
		A56C5C9B2B0FA0D800F15695 /* CoinCell.swift */ = {isa = PBXFileReference; lastKnownFileType = sourcecode.swift; path = CoinCell.swift; sourceTree = "<group>"; };
		A57358522B08E58F00978470 /* Crypto.swift */ = {isa = PBXFileReference; lastKnownFileType = sourcecode.swift; path = Crypto.swift; sourceTree = "<group>"; };
		A57358562B08ED3000978470 /* MyCryptoAPI.swift */ = {isa = PBXFileReference; lastKnownFileType = sourcecode.swift; path = MyCryptoAPI.swift; sourceTree = "<group>"; };
		A584AC1C2B0B4BF700B6C90C /* WidgetCrypto.swift */ = {isa = PBXFileReference; lastKnownFileType = sourcecode.swift; path = WidgetCrypto.swift; sourceTree = "<group>"; };
		A5893A062B024DCE00493D43 /* TestTask.app */ = {isa = PBXFileReference; explicitFileType = wrapper.application; includeInIndex = 0; path = TestTask.app; sourceTree = BUILT_PRODUCTS_DIR; };
		A5893A092B024DCE00493D43 /* AppDelegate.swift */ = {isa = PBXFileReference; lastKnownFileType = sourcecode.swift; path = AppDelegate.swift; sourceTree = "<group>"; };
		A5893A0B2B024DCE00493D43 /* SceneDelegate.swift */ = {isa = PBXFileReference; lastKnownFileType = sourcecode.swift; path = SceneDelegate.swift; sourceTree = "<group>"; };
		A5893A0D2B024DCE00493D43 /* ViewController.swift */ = {isa = PBXFileReference; lastKnownFileType = sourcecode.swift; path = ViewController.swift; sourceTree = "<group>"; };
		A5893A122B024DD000493D43 /* Assets.xcassets */ = {isa = PBXFileReference; lastKnownFileType = folder.assetcatalog; path = Assets.xcassets; sourceTree = "<group>"; };
		A5893A152B024DD000493D43 /* Base */ = {isa = PBXFileReference; lastKnownFileType = file.storyboard; name = Base; path = Base.lproj/LaunchScreen.storyboard; sourceTree = "<group>"; };
		A5893A172B024DD000493D43 /* Info.plist */ = {isa = PBXFileReference; lastKnownFileType = text.plist.xml; path = Info.plist; sourceTree = "<group>"; };
		A5D1CEBC2B10A39C003AAB02 /* BaseWidgetView.swift */ = {isa = PBXFileReference; lastKnownFileType = sourcecode.swift; path = BaseWidgetView.swift; sourceTree = "<group>"; };
		A5D1CEBE2B10B0B7003AAB02 /* MapWidgetView.swift */ = {isa = PBXFileReference; lastKnownFileType = sourcecode.swift; path = MapWidgetView.swift; sourceTree = "<group>"; };
		A5D1CEC22B10C186003AAB02 /* MapDataProvider.swift */ = {isa = PBXFileReference; lastKnownFileType = sourcecode.swift; path = MapDataProvider.swift; sourceTree = "<group>"; };
		A5D1CEC42B10FA42003AAB02 /* MainStackView.swift */ = {isa = PBXFileReference; lastKnownFileType = sourcecode.swift; path = MainStackView.swift; sourceTree = "<group>"; };
		A5D1CECA2B11021D003AAB02 /* ViewControllerExtension.swift */ = {isa = PBXFileReference; lastKnownFileType = sourcecode.swift; path = ViewControllerExtension.swift; sourceTree = "<group>"; };
		A5DE10032B11FF200092468E /* WeatherWidgetView.swift */ = {isa = PBXFileReference; lastKnownFileType = sourcecode.swift; path = WeatherWidgetView.swift; sourceTree = "<group>"; };
		A5DE10052B1206320092468E /* DoubleExtension.swift */ = {isa = PBXFileReference; lastKnownFileType = sourcecode.swift; path = DoubleExtension.swift; sourceTree = "<group>"; };
		A5DE10072B12141A0092468E /* WeatherDataProvider.swift */ = {isa = PBXFileReference; lastKnownFileType = sourcecode.swift; path = WeatherDataProvider.swift; sourceTree = "<group>"; };
		C4D0AD9F816FA3A5A57AF011 /* Pods_TestTask.framework */ = {isa = PBXFileReference; explicitFileType = wrapper.framework; includeInIndex = 0; path = Pods_TestTask.framework; sourceTree = BUILT_PRODUCTS_DIR; };
/* End PBXFileReference section */

/* Begin PBXFrameworksBuildPhase section */
		A5893A032B024DCE00493D43 /* Frameworks */ = {
			isa = PBXFrameworksBuildPhase;
			buildActionMask = 2147483647;
			files = (
				08385172313BB4C65F23575B /* Pods_TestTask.framework in Frameworks */,
			);
			runOnlyForDeploymentPostprocessing = 0;
		};
/* End PBXFrameworksBuildPhase section */

/* Begin PBXGroup section */
		2F635FC574CBA47ACCEE5D80 /* Frameworks */ = {
			isa = PBXGroup;
			children = (
				C4D0AD9F816FA3A5A57AF011 /* Pods_TestTask.framework */,
			);
			name = Frameworks;
			sourceTree = "<group>";
		};
		798C88707D25075021780A75 /* Pods */ = {
			isa = PBXGroup;
			children = (
				3C1DE0CEDA9D5FCF67E08D94 /* Pods-TestTask.debug.xcconfig */,
				742055B3431F8A687FFB990F /* Pods-TestTask.release.xcconfig */,
			);
			path = Pods;
			sourceTree = "<group>";
		};
		A55A5ABA2B0D356400FF565E /* Widgets */ = {
			isa = PBXGroup;
			children = (
				A584AC1C2B0B4BF700B6C90C /* WidgetCrypto.swift */,
			);
			path = Widgets;
			sourceTree = "<group>";
		};
		A55A5ABB2B0D359400FF565E /* Data */ = {
			isa = PBXGroup;
			children = (
			);
			path = Data;
			sourceTree = "<group>";
		};
		A55A5ABC2B0D35A500FF565E /* API */ = {
			isa = PBXGroup;
			children = (
				A57358562B08ED3000978470 /* MyCryptoAPI.swift */,
				A547B94C2B054ECA007D9A69 /* MyWeatherAPI.swift */,
			);
			path = API;
			sourceTree = "<group>";
		};
		A55A5ABD2B0D35BB00FF565E /* Structs */ = {
			isa = PBXGroup;
			children = (
				A51EC12A2B038E86006BF5FD /* Cities.swift */,
				A57358522B08E58F00978470 /* Crypto.swift */,
				A547B94A2B0549B6007D9A69 /* Weather.swift */,
			);
			path = Structs;
			sourceTree = "<group>";
		};
		A55A5AC12B0D364200FF565E /* UI */ = {
			isa = PBXGroup;
			children = (
				A55A5AC22B0D364B00FF565E /* ViewControllers */,
				A55A5ABA2B0D356400FF565E /* Widgets */,
			);
			path = UI;
			sourceTree = "<group>";
		};
		A55A5AC22B0D364B00FF565E /* ViewControllers */ = {
			isa = PBXGroup;
			children = (
				A56C5C9B2B0FA0D800F15695 /* CoinCell.swift */,
			);
			path = ViewControllers;
			sourceTree = "<group>";
		};
		A58939FD2B024DCE00493D43 = {
			isa = PBXGroup;
			children = (
				A5893A082B024DCE00493D43 /* TestTask */,
				A5893A072B024DCE00493D43 /* Products */,
				798C88707D25075021780A75 /* Pods */,
				2F635FC574CBA47ACCEE5D80 /* Frameworks */,
			);
			sourceTree = "<group>";
		};
		A5893A072B024DCE00493D43 /* Products */ = {
			isa = PBXGroup;
			children = (
				A5893A062B024DCE00493D43 /* TestTask.app */,
			);
			name = Products;
			sourceTree = "<group>";
		};
		A5893A082B024DCE00493D43 /* TestTask */ = {
			isa = PBXGroup;
			children = (
				A5D1CEBA2B10A367003AAB02 /* Second solution */,
				A5D1CEB92B10A346003AAB02 /* First solution */,
				A5893A092B024DCE00493D43 /* AppDelegate.swift */,
				A5893A0B2B024DCE00493D43 /* SceneDelegate.swift */,
				A55A5AB42B0CC51500FF565E /* cities.json */,
				A5893A122B024DD000493D43 /* Assets.xcassets */,
				A5893A142B024DD000493D43 /* LaunchScreen.storyboard */,
				A5893A172B024DD000493D43 /* Info.plist */,
			);
			path = TestTask;
			sourceTree = "<group>";
		};
		A5D1CEB92B10A346003AAB02 /* First solution */ = {
			isa = PBXGroup;
			children = (
				A55A5AC12B0D364200FF565E /* UI */,
				A55A5ABB2B0D359400FF565E /* Data */,
			);
			path = "First solution";
			sourceTree = "<group>";
		};
		A5D1CEBA2B10A367003AAB02 /* Second solution */ = {
			isa = PBXGroup;
			children = (
				A55A5ABC2B0D35A500FF565E /* API */,
				A5D1CEC92B110204003AAB02 /* Extensions */,
				A5D1CEC02B10C158003AAB02 /* Data */,
				A5D1CEBB2B10A388003AAB02 /* UI */,
			);
			path = "Second solution";
			sourceTree = "<group>";
		};
		A5D1CEBB2B10A388003AAB02 /* UI */ = {
			isa = PBXGroup;
			children = (
				A5D1CEC82B1101F8003AAB02 /* Controllers */,
				A5D1CEC72B1101E4003AAB02 /* OtherUI */,
				A5D1CEC62B1101B9003AAB02 /* Widgets */,
			);
			path = UI;
			sourceTree = "<group>";
		};
		A5D1CEC02B10C158003AAB02 /* Data */ = {
			isa = PBXGroup;
			children = (
				A5D1CEC12B10C160003AAB02 /* DataProviders */,
				A55A5ABD2B0D35BB00FF565E /* Structs */,
				A55FD99C2B0F731C00D49702 /* TableViewControllerData.swift */,
				A51EC12C2B038EBD006BF5FD /* Parser.swift */,
				A55A5AB62B0CC76A00FF565E /* Defaults.swift */,
			);
			path = Data;
			sourceTree = "<group>";
		};
		A5D1CEC12B10C160003AAB02 /* DataProviders */ = {
			isa = PBXGroup;
			children = (
				A5D1CEC22B10C186003AAB02 /* MapDataProvider.swift */,
				A5DE10072B12141A0092468E /* WeatherDataProvider.swift */,
				A53DBE6B2B138307000CD487 /* CryptoDataProvider.swift */,
			);
			path = DataProviders;
			sourceTree = "<group>";
		};
		A5D1CEC62B1101B9003AAB02 /* Widgets */ = {
			isa = PBXGroup;
			children = (
				A5D1CEBC2B10A39C003AAB02 /* BaseWidgetView.swift */,
				A5D1CEBE2B10B0B7003AAB02 /* MapWidgetView.swift */,
				A5DE10032B11FF200092468E /* WeatherWidgetView.swift */,
				A53DBE652B137781000CD487 /* CryptoWidgetView.swift */,
			);
			path = Widgets;
			sourceTree = "<group>";
		};
		A5D1CEC72B1101E4003AAB02 /* OtherUI */ = {
			isa = PBXGroup;
			children = (
				A51EC1242B036650006BF5FD /* CityCell.swift */,
				A5D1CEC42B10FA42003AAB02 /* MainStackView.swift */,
				A53DBE672B137938000CD487 /* UIStackCoinsView.swift */,
				A53DBE692B137B00000CD487 /* UICoinCardView.swift */,
			);
			path = OtherUI;
			sourceTree = "<group>";
		};
		A5D1CEC82B1101F8003AAB02 /* Controllers */ = {
			isa = PBXGroup;
			children = (
				A5893A0D2B024DCE00493D43 /* ViewController.swift */,
				A51EC1262B03761E006BF5FD /* TableViewController.swift */,
			);
			path = Controllers;
			sourceTree = "<group>";
		};
		A5D1CEC92B110204003AAB02 /* Extensions */ = {
			isa = PBXGroup;
			children = (
				A5D1CECA2B11021D003AAB02 /* ViewControllerExtension.swift */,
				A5DE10052B1206320092468E /* DoubleExtension.swift */,
				A53DBE6D2B13928A000CD487 /* ColorExtension.swift */,
			);
			path = Extensions;
			sourceTree = "<group>";
		};
/* End PBXGroup section */

/* Begin PBXNativeTarget section */
		A5893A052B024DCE00493D43 /* TestTask */ = {
			isa = PBXNativeTarget;
			buildConfigurationList = A5893A1A2B024DD000493D43 /* Build configuration list for PBXNativeTarget "TestTask" */;
			buildPhases = (
				68C9C3E338541D7F34514969 /* [CP] Check Pods Manifest.lock */,
				A5893A022B024DCE00493D43 /* Sources */,
				A5893A032B024DCE00493D43 /* Frameworks */,
				A5893A042B024DCE00493D43 /* Resources */,
				4310395C9D324445A14B7C20 /* [CP] Embed Pods Frameworks */,
			);
			buildRules = (
			);
			dependencies = (
			);
			name = TestTask;
			productName = TestTask;
			productReference = A5893A062B024DCE00493D43 /* TestTask.app */;
			productType = "com.apple.product-type.application";
		};
/* End PBXNativeTarget section */

/* Begin PBXProject section */
		A58939FE2B024DCE00493D43 /* Project object */ = {
			isa = PBXProject;
			attributes = {
				BuildIndependentTargetsInParallel = 1;
				LastSwiftUpdateCheck = 1500;
				LastUpgradeCheck = 1500;
				TargetAttributes = {
					A5893A052B024DCE00493D43 = {
						CreatedOnToolsVersion = 15.0.1;
					};
				};
			};
			buildConfigurationList = A5893A012B024DCE00493D43 /* Build configuration list for PBXProject "TestTask" */;
			compatibilityVersion = "Xcode 14.0";
			developmentRegion = en;
			hasScannedForEncodings = 0;
			knownRegions = (
				en,
				Base,
			);
			mainGroup = A58939FD2B024DCE00493D43;
			productRefGroup = A5893A072B024DCE00493D43 /* Products */;
			projectDirPath = "";
			projectRoot = "";
			targets = (
				A5893A052B024DCE00493D43 /* TestTask */,
			);
		};
/* End PBXProject section */

/* Begin PBXResourcesBuildPhase section */
		A5893A042B024DCE00493D43 /* Resources */ = {
			isa = PBXResourcesBuildPhase;
			buildActionMask = 2147483647;
			files = (
				A55A5AB52B0CC51500FF565E /* cities.json in Resources */,
				A5893A162B024DD000493D43 /* LaunchScreen.storyboard in Resources */,
				A5893A132B024DD000493D43 /* Assets.xcassets in Resources */,
			);
			runOnlyForDeploymentPostprocessing = 0;
		};
/* End PBXResourcesBuildPhase section */

/* Begin PBXShellScriptBuildPhase section */
		4310395C9D324445A14B7C20 /* [CP] Embed Pods Frameworks */ = {
			isa = PBXShellScriptBuildPhase;
			buildActionMask = 2147483647;
			files = (
			);
			inputFileListPaths = (
				"${PODS_ROOT}/Target Support Files/Pods-TestTask/Pods-TestTask-frameworks-${CONFIGURATION}-input-files.xcfilelist",
			);
			name = "[CP] Embed Pods Frameworks";
			outputFileListPaths = (
				"${PODS_ROOT}/Target Support Files/Pods-TestTask/Pods-TestTask-frameworks-${CONFIGURATION}-output-files.xcfilelist",
			);
			runOnlyForDeploymentPostprocessing = 0;
			shellPath = /bin/sh;
			shellScript = "\"${PODS_ROOT}/Target Support Files/Pods-TestTask/Pods-TestTask-frameworks.sh\"\n";
			showEnvVarsInLog = 0;
		};
		68C9C3E338541D7F34514969 /* [CP] Check Pods Manifest.lock */ = {
			isa = PBXShellScriptBuildPhase;
			buildActionMask = 2147483647;
			files = (
			);
			inputFileListPaths = (
			);
			inputPaths = (
				"${PODS_PODFILE_DIR_PATH}/Podfile.lock",
				"${PODS_ROOT}/Manifest.lock",
			);
			name = "[CP] Check Pods Manifest.lock";
			outputFileListPaths = (
			);
			outputPaths = (
				"$(DERIVED_FILE_DIR)/Pods-TestTask-checkManifestLockResult.txt",
			);
			runOnlyForDeploymentPostprocessing = 0;
			shellPath = /bin/sh;
			shellScript = "diff \"${PODS_PODFILE_DIR_PATH}/Podfile.lock\" \"${PODS_ROOT}/Manifest.lock\" > /dev/null\nif [ $? != 0 ] ; then\n    # print error to STDERR\n    echo \"error: The sandbox is not in sync with the Podfile.lock. Run 'pod install' or update your CocoaPods installation.\" >&2\n    exit 1\nfi\n# This output is used by Xcode 'outputs' to avoid re-running this script phase.\necho \"SUCCESS\" > \"${SCRIPT_OUTPUT_FILE_0}\"\n";
			showEnvVarsInLog = 0;
		};
/* End PBXShellScriptBuildPhase section */

/* Begin PBXSourcesBuildPhase section */
		A5893A022B024DCE00493D43 /* Sources */ = {
			isa = PBXSourcesBuildPhase;
			buildActionMask = 2147483647;
			files = (
				A51EC12B2B038E86006BF5FD /* Cities.swift in Sources */,
				A55A5AB72B0CC76A00FF565E /* Defaults.swift in Sources */,
				A51EC12D2B038EBD006BF5FD /* Parser.swift in Sources */,
				A584AC1D2B0B4BF700B6C90C /* WidgetCrypto.swift in Sources */,
				A55FD99D2B0F731C00D49702 /* TableViewControllerData.swift in Sources */,
				A56C5C9C2B0FA0D800F15695 /* CoinCell.swift in Sources */,
				A5D1CEBF2B10B0B7003AAB02 /* MapWidgetView.swift in Sources */,
				A5DE10062B1206320092468E /* DoubleExtension.swift in Sources */,
				A53DBE662B137781000CD487 /* CryptoWidgetView.swift in Sources */,
				A5D1CEBD2B10A39C003AAB02 /* BaseWidgetView.swift in Sources */,
				A5D1CEC52B10FA43003AAB02 /* MainStackView.swift in Sources */,
				A5DE10042B11FF200092468E /* WeatherWidgetView.swift in Sources */,
				A5893A0E2B024DCE00493D43 /* ViewController.swift in Sources */,
				A547B94B2B0549B6007D9A69 /* Weather.swift in Sources */,
				A5D1CEC32B10C187003AAB02 /* MapDataProvider.swift in Sources */,
				A547B94D2B054ECA007D9A69 /* MyWeatherAPI.swift in Sources */,
				A5893A0A2B024DCE00493D43 /* AppDelegate.swift in Sources */,
				A57358572B08ED3000978470 /* MyCryptoAPI.swift in Sources */,
				A53DBE682B137938000CD487 /* UIStackCoinsView.swift in Sources */,
				A53DBE6E2B13928A000CD487 /* ColorExtension.swift in Sources */,
				A57358532B08E58F00978470 /* Crypto.swift in Sources */,
				A53DBE6A2B137B00000CD487 /* UICoinCardView.swift in Sources */,
				A5D1CECB2B11021D003AAB02 /* ViewControllerExtension.swift in Sources */,
				A51EC1272B03761E006BF5FD /* TableViewController.swift in Sources */,
				A51EC1252B036650006BF5FD /* CityCell.swift in Sources */,
				A53DBE6C2B138307000CD487 /* CryptoDataProvider.swift in Sources */,
				A5893A0C2B024DCE00493D43 /* SceneDelegate.swift in Sources */,
				A5DE10082B12141A0092468E /* WeatherDataProvider.swift in Sources */,
			);
			runOnlyForDeploymentPostprocessing = 0;
		};
/* End PBXSourcesBuildPhase section */

/* Begin PBXVariantGroup section */
		A5893A142B024DD000493D43 /* LaunchScreen.storyboard */ = {
			isa = PBXVariantGroup;
			children = (
				A5893A152B024DD000493D43 /* Base */,
			);
			name = LaunchScreen.storyboard;
			sourceTree = "<group>";
		};
/* End PBXVariantGroup section */

/* Begin XCBuildConfiguration section */
		A5893A182B024DD000493D43 /* Debug */ = {
			isa = XCBuildConfiguration;
			buildSettings = {
				ALWAYS_SEARCH_USER_PATHS = NO;
				ASSETCATALOG_COMPILER_GENERATE_SWIFT_ASSET_SYMBOL_EXTENSIONS = YES;
				CLANG_ANALYZER_NONNULL = YES;
				CLANG_ANALYZER_NUMBER_OBJECT_CONVERSION = YES_AGGRESSIVE;
				CLANG_CXX_LANGUAGE_STANDARD = "gnu++20";
				CLANG_ENABLE_MODULES = YES;
				CLANG_ENABLE_OBJC_ARC = YES;
				CLANG_ENABLE_OBJC_WEAK = YES;
				CLANG_WARN_BLOCK_CAPTURE_AUTORELEASING = YES;
				CLANG_WARN_BOOL_CONVERSION = YES;
				CLANG_WARN_COMMA = YES;
				CLANG_WARN_CONSTANT_CONVERSION = YES;
				CLANG_WARN_DEPRECATED_OBJC_IMPLEMENTATIONS = YES;
				CLANG_WARN_DIRECT_OBJC_ISA_USAGE = YES_ERROR;
				CLANG_WARN_DOCUMENTATION_COMMENTS = YES;
				CLANG_WARN_EMPTY_BODY = YES;
				CLANG_WARN_ENUM_CONVERSION = YES;
				CLANG_WARN_INFINITE_RECURSION = YES;
				CLANG_WARN_INT_CONVERSION = YES;
				CLANG_WARN_NON_LITERAL_NULL_CONVERSION = YES;
				CLANG_WARN_OBJC_IMPLICIT_RETAIN_SELF = YES;
				CLANG_WARN_OBJC_LITERAL_CONVERSION = YES;
				CLANG_WARN_OBJC_ROOT_CLASS = YES_ERROR;
				CLANG_WARN_QUOTED_INCLUDE_IN_FRAMEWORK_HEADER = YES;
				CLANG_WARN_RANGE_LOOP_ANALYSIS = YES;
				CLANG_WARN_STRICT_PROTOTYPES = YES;
				CLANG_WARN_SUSPICIOUS_MOVE = YES;
				CLANG_WARN_UNGUARDED_AVAILABILITY = YES_AGGRESSIVE;
				CLANG_WARN_UNREACHABLE_CODE = YES;
				CLANG_WARN__DUPLICATE_METHOD_MATCH = YES;
				COPY_PHASE_STRIP = NO;
				DEBUG_INFORMATION_FORMAT = dwarf;
				ENABLE_STRICT_OBJC_MSGSEND = YES;
				ENABLE_TESTABILITY = YES;
				ENABLE_USER_SCRIPT_SANDBOXING = NO;
				GCC_C_LANGUAGE_STANDARD = gnu17;
				GCC_DYNAMIC_NO_PIC = NO;
				GCC_NO_COMMON_BLOCKS = YES;
				GCC_OPTIMIZATION_LEVEL = 0;
				GCC_PREPROCESSOR_DEFINITIONS = (
					"DEBUG=1",
					"$(inherited)",
				);
				GCC_WARN_64_TO_32_BIT_CONVERSION = YES;
				GCC_WARN_ABOUT_RETURN_TYPE = YES_ERROR;
				GCC_WARN_UNDECLARED_SELECTOR = YES;
				GCC_WARN_UNINITIALIZED_AUTOS = YES_AGGRESSIVE;
				GCC_WARN_UNUSED_FUNCTION = YES;
				GCC_WARN_UNUSED_VARIABLE = YES;
				IPHONEOS_DEPLOYMENT_TARGET = 17.0;
				LOCALIZATION_PREFERS_STRING_CATALOGS = YES;
				MTL_ENABLE_DEBUG_INFO = INCLUDE_SOURCE;
				MTL_FAST_MATH = YES;
				ONLY_ACTIVE_ARCH = YES;
				SDKROOT = iphoneos;
				SWIFT_ACTIVE_COMPILATION_CONDITIONS = "DEBUG $(inherited)";
				SWIFT_OPTIMIZATION_LEVEL = "-Onone";
			};
			name = Debug;
		};
		A5893A192B024DD000493D43 /* Release */ = {
			isa = XCBuildConfiguration;
			buildSettings = {
				ALWAYS_SEARCH_USER_PATHS = NO;
				ASSETCATALOG_COMPILER_GENERATE_SWIFT_ASSET_SYMBOL_EXTENSIONS = YES;
				CLANG_ANALYZER_NONNULL = YES;
				CLANG_ANALYZER_NUMBER_OBJECT_CONVERSION = YES_AGGRESSIVE;
				CLANG_CXX_LANGUAGE_STANDARD = "gnu++20";
				CLANG_ENABLE_MODULES = YES;
				CLANG_ENABLE_OBJC_ARC = YES;
				CLANG_ENABLE_OBJC_WEAK = YES;
				CLANG_WARN_BLOCK_CAPTURE_AUTORELEASING = YES;
				CLANG_WARN_BOOL_CONVERSION = YES;
				CLANG_WARN_COMMA = YES;
				CLANG_WARN_CONSTANT_CONVERSION = YES;
				CLANG_WARN_DEPRECATED_OBJC_IMPLEMENTATIONS = YES;
				CLANG_WARN_DIRECT_OBJC_ISA_USAGE = YES_ERROR;
				CLANG_WARN_DOCUMENTATION_COMMENTS = YES;
				CLANG_WARN_EMPTY_BODY = YES;
				CLANG_WARN_ENUM_CONVERSION = YES;
				CLANG_WARN_INFINITE_RECURSION = YES;
				CLANG_WARN_INT_CONVERSION = YES;
				CLANG_WARN_NON_LITERAL_NULL_CONVERSION = YES;
				CLANG_WARN_OBJC_IMPLICIT_RETAIN_SELF = YES;
				CLANG_WARN_OBJC_LITERAL_CONVERSION = YES;
				CLANG_WARN_OBJC_ROOT_CLASS = YES_ERROR;
				CLANG_WARN_QUOTED_INCLUDE_IN_FRAMEWORK_HEADER = YES;
				CLANG_WARN_RANGE_LOOP_ANALYSIS = YES;
				CLANG_WARN_STRICT_PROTOTYPES = YES;
				CLANG_WARN_SUSPICIOUS_MOVE = YES;
				CLANG_WARN_UNGUARDED_AVAILABILITY = YES_AGGRESSIVE;
				CLANG_WARN_UNREACHABLE_CODE = YES;
				CLANG_WARN__DUPLICATE_METHOD_MATCH = YES;
				COPY_PHASE_STRIP = NO;
				DEBUG_INFORMATION_FORMAT = "dwarf-with-dsym";
				ENABLE_NS_ASSERTIONS = NO;
				ENABLE_STRICT_OBJC_MSGSEND = YES;
				ENABLE_USER_SCRIPT_SANDBOXING = NO;
				GCC_C_LANGUAGE_STANDARD = gnu17;
				GCC_NO_COMMON_BLOCKS = YES;
				GCC_WARN_64_TO_32_BIT_CONVERSION = YES;
				GCC_WARN_ABOUT_RETURN_TYPE = YES_ERROR;
				GCC_WARN_UNDECLARED_SELECTOR = YES;
				GCC_WARN_UNINITIALIZED_AUTOS = YES_AGGRESSIVE;
				GCC_WARN_UNUSED_FUNCTION = YES;
				GCC_WARN_UNUSED_VARIABLE = YES;
				IPHONEOS_DEPLOYMENT_TARGET = 17.0;
				LOCALIZATION_PREFERS_STRING_CATALOGS = YES;
				MTL_ENABLE_DEBUG_INFO = NO;
				MTL_FAST_MATH = YES;
				SDKROOT = iphoneos;
				SWIFT_COMPILATION_MODE = wholemodule;
				VALIDATE_PRODUCT = YES;
			};
			name = Release;
		};
		A5893A1B2B024DD000493D43 /* Debug */ = {
			isa = XCBuildConfiguration;
			baseConfigurationReference = 3C1DE0CEDA9D5FCF67E08D94 /* Pods-TestTask.debug.xcconfig */;
			buildSettings = {
				ASSETCATALOG_COMPILER_APPICON_NAME = AppIcon;
				ASSETCATALOG_COMPILER_GLOBAL_ACCENT_COLOR_NAME = AccentColor;
				CODE_SIGN_STYLE = Automatic;
				CURRENT_PROJECT_VERSION = 1;
				GENERATE_INFOPLIST_FILE = YES;
				INFOPLIST_FILE = TestTask/Info.plist;
				INFOPLIST_KEY_UIApplicationSupportsIndirectInputEvents = YES;
				INFOPLIST_KEY_UILaunchStoryboardName = LaunchScreen;
				INFOPLIST_KEY_UISupportedInterfaceOrientations_iPad = "UIInterfaceOrientationPortrait UIInterfaceOrientationPortraitUpsideDown UIInterfaceOrientationLandscapeLeft UIInterfaceOrientationLandscapeRight";
				INFOPLIST_KEY_UISupportedInterfaceOrientations_iPhone = "UIInterfaceOrientationPortrait UIInterfaceOrientationLandscapeLeft UIInterfaceOrientationLandscapeRight";
				LD_RUNPATH_SEARCH_PATHS = (
					"$(inherited)",
					"@executable_path/Frameworks",
				);
				MARKETING_VERSION = 1.0;
				PRODUCT_BUNDLE_IDENTIFIER = com.TestTask;
				PRODUCT_NAME = "$(TARGET_NAME)";
				SWIFT_EMIT_LOC_STRINGS = YES;
				SWIFT_VERSION = 5.0;
				TARGETED_DEVICE_FAMILY = "1,2";
			};
			name = Debug;
		};
		A5893A1C2B024DD000493D43 /* Release */ = {
			isa = XCBuildConfiguration;
			baseConfigurationReference = 742055B3431F8A687FFB990F /* Pods-TestTask.release.xcconfig */;
			buildSettings = {
				ASSETCATALOG_COMPILER_APPICON_NAME = AppIcon;
				ASSETCATALOG_COMPILER_GLOBAL_ACCENT_COLOR_NAME = AccentColor;
				CODE_SIGN_STYLE = Automatic;
				CURRENT_PROJECT_VERSION = 1;
				GENERATE_INFOPLIST_FILE = YES;
				INFOPLIST_FILE = TestTask/Info.plist;
				INFOPLIST_KEY_UIApplicationSupportsIndirectInputEvents = YES;
				INFOPLIST_KEY_UILaunchStoryboardName = LaunchScreen;
				INFOPLIST_KEY_UISupportedInterfaceOrientations_iPad = "UIInterfaceOrientationPortrait UIInterfaceOrientationPortraitUpsideDown UIInterfaceOrientationLandscapeLeft UIInterfaceOrientationLandscapeRight";
				INFOPLIST_KEY_UISupportedInterfaceOrientations_iPhone = "UIInterfaceOrientationPortrait UIInterfaceOrientationLandscapeLeft UIInterfaceOrientationLandscapeRight";
				LD_RUNPATH_SEARCH_PATHS = (
					"$(inherited)",
					"@executable_path/Frameworks",
				);
				MARKETING_VERSION = 1.0;
				PRODUCT_BUNDLE_IDENTIFIER = com.TestTask;
				PRODUCT_NAME = "$(TARGET_NAME)";
				SWIFT_EMIT_LOC_STRINGS = YES;
				SWIFT_VERSION = 5.0;
				TARGETED_DEVICE_FAMILY = "1,2";
			};
			name = Release;
		};
/* End XCBuildConfiguration section */

/* Begin XCConfigurationList section */
		A5893A012B024DCE00493D43 /* Build configuration list for PBXProject "TestTask" */ = {
			isa = XCConfigurationList;
			buildConfigurations = (
				A5893A182B024DD000493D43 /* Debug */,
				A5893A192B024DD000493D43 /* Release */,
			);
			defaultConfigurationIsVisible = 0;
			defaultConfigurationName = Release;
		};
		A5893A1A2B024DD000493D43 /* Build configuration list for PBXNativeTarget "TestTask" */ = {
			isa = XCConfigurationList;
			buildConfigurations = (
				A5893A1B2B024DD000493D43 /* Debug */,
				A5893A1C2B024DD000493D43 /* Release */,
			);
			defaultConfigurationIsVisible = 0;
			defaultConfigurationName = Release;
		};
/* End XCConfigurationList section */
	};
	rootObject = A58939FE2B024DCE00493D43 /* Project object */;
}
